
Microsoft Visual Studio Solution File, Format Version 12.00
# Visual Studio 15
VisualStudioVersion = 15.0.27703.2035
MinimumVisualStudioVersion = 10.0.40219.1
Project("{FAE04EC0-301F-11D3-BF4B-00C04F79EFBC}") = "Servify", "Servify\Servify.csproj", "{493E36A3-0535-4AAB-893B-6EA70341F872}"
EndProject
Global
	GlobalSection(SolutionConfigurationPlatforms) = preSolution
		Debug|Any CPU = Debug|Any CPU
		Release|Any CPU = Release|Any CPU
	EndGlobalSection
	GlobalSection(ProjectConfigurationPlatforms) = postSolution
		{493E36A3-0535-4AAB-893B-6EA70341F872}.Debug|Any CPU.ActiveCfg = Debug|Any CPU
		{493E36A3-0535-4AAB-893B-6EA70341F872}.Debug|Any CPU.Build.0 = Debug|Any CPU
		{493E36A3-0535-4AAB-893B-6EA70341F872}.Release|Any CPU.ActiveCfg = Release|Any CPU
		{493E36A3-0535-4AAB-893B-6EA70341F872}.Release|Any CPU.Build.0 = Release|Any CPU
	EndGlobalSection
	GlobalSection(SolutionProperties) = preSolution
		HideSolutionNode = FALSE
	EndGlobalSection
	GlobalSection(ExtensibilityGlobals) = postSolution
		SolutionGuid = {AAEFF575-A735-4215-873B-33CB5C9F2562}
	EndGlobalSection
EndGlobal
